
Microsoft Visual Studio Solution File, Format Version 12.00
# Visual Studio Version 17
VisualStudioVersion = 17.9.34723.18
MinimumVisualStudioVersion = 10.0.40219.1
Project("{FAE04EC0-301F-11D3-BF4B-00C04F79EFBC}") = "BTVN6", "BTVN6.csproj", "{0F832007-D7EF-40D2-8F10-504F36FDB42E}"
EndProject
Global
	GlobalSection(SolutionConfigurationPlatforms) = preSolution
		Debug|Any CPU = Debug|Any CPU
		Release|Any CPU = Release|Any CPU
	EndGlobalSection
	GlobalSection(ProjectConfigurationPlatforms) = postSolution
		{0F832007-D7EF-40D2-8F10-504F36FDB42E}.Debug|Any CPU.ActiveCfg = Debug|Any CPU
		{0F832007-D7EF-40D2-8F10-504F36FDB42E}.Debug|Any CPU.Build.0 = Debug|Any CPU
		{0F832007-D7EF-40D2-8F10-504F36FDB42E}.Release|Any CPU.ActiveCfg = Release|Any CPU
		{0F832007-D7EF-40D2-8F10-504F36FDB42E}.Release|Any CPU.Build.0 = Release|Any CPU
	EndGlobalSection
	GlobalSection(SolutionProperties) = preSolution
		HideSolutionNode = FALSE
	EndGlobalSection
	GlobalSection(ExtensibilityGlobals) = postSolution
		SolutionGuid = {1430A58F-435C-458A-9A4A-295AB75077DD}
	EndGlobalSection
EndGlobal
