
Microsoft Visual Studio Solution File, Format Version 12.00
# Visual Studio Version 17
VisualStudioVersion = 17.9.34723.18
MinimumVisualStudioVersion = 10.0.40219.1
Project("{FAE04EC0-301F-11D3-BF4B-00C04F79EFBC}") = "BTExample", "BTExample.csproj", "{5D9DB271-6E10-4A8B-A2F2-E71BE48AB684}"
EndProject
Global
	GlobalSection(SolutionConfigurationPlatforms) = preSolution
		Debug|Any CPU = Debug|Any CPU
		Release|Any CPU = Release|Any CPU
	EndGlobalSection
	GlobalSection(ProjectConfigurationPlatforms) = postSolution
		{5D9DB271-6E10-4A8B-A2F2-E71BE48AB684}.Debug|Any CPU.ActiveCfg = Debug|Any CPU
		{5D9DB271-6E10-4A8B-A2F2-E71BE48AB684}.Debug|Any CPU.Build.0 = Debug|Any CPU
		{5D9DB271-6E10-4A8B-A2F2-E71BE48AB684}.Release|Any CPU.ActiveCfg = Release|Any CPU
		{5D9DB271-6E10-4A8B-A2F2-E71BE48AB684}.Release|Any CPU.Build.0 = Release|Any CPU
	EndGlobalSection
	GlobalSection(SolutionProperties) = preSolution
		HideSolutionNode = FALSE
	EndGlobalSection
	GlobalSection(ExtensibilityGlobals) = postSolution
		SolutionGuid = {14EEB0C7-C8F7-4FFC-8149-0225AEB15496}
	EndGlobalSection
EndGlobal
