
Microsoft Visual Studio Solution File, Format Version 12.00
# Visual Studio Version 17
VisualStudioVersion = 17.9.34723.18
MinimumVisualStudioVersion = 10.0.40219.1
Project("{FAE04EC0-301F-11D3-BF4B-00C04F79EFBC}") = "BTVN4.3", "BTVN4.3.csproj", "{46C34252-EF91-4E1E-8F98-D437834FAB09}"
EndProject
Global
	GlobalSection(SolutionConfigurationPlatforms) = preSolution
		Debug|Any CPU = Debug|Any CPU
		Release|Any CPU = Release|Any CPU
	EndGlobalSection
	GlobalSection(ProjectConfigurationPlatforms) = postSolution
		{46C34252-EF91-4E1E-8F98-D437834FAB09}.Debug|Any CPU.ActiveCfg = Debug|Any CPU
		{46C34252-EF91-4E1E-8F98-D437834FAB09}.Debug|Any CPU.Build.0 = Debug|Any CPU
		{46C34252-EF91-4E1E-8F98-D437834FAB09}.Release|Any CPU.ActiveCfg = Release|Any CPU
		{46C34252-EF91-4E1E-8F98-D437834FAB09}.Release|Any CPU.Build.0 = Release|Any CPU
	EndGlobalSection
	GlobalSection(SolutionProperties) = preSolution
		HideSolutionNode = FALSE
	EndGlobalSection
	GlobalSection(ExtensibilityGlobals) = postSolution
		SolutionGuid = {6CD32DFE-0158-4B8C-8CFE-3DBB6EB57C33}
	EndGlobalSection
EndGlobal
