
Microsoft Visual Studio Solution File, Format Version 12.00
# Visual Studio Version 17
VisualStudioVersion = 17.9.34723.18
MinimumVisualStudioVersion = 10.0.40219.1
Project("{FAE04EC0-301F-11D3-BF4B-00C04F79EFBC}") = "Mảng 2 chiều", "Mảng 2 chiều.csproj", "{288C20D7-54F0-4CA6-B3C5-56A308CD0C2D}"
EndProject
Global
	GlobalSection(SolutionConfigurationPlatforms) = preSolution
		Debug|Any CPU = Debug|Any CPU
		Release|Any CPU = Release|Any CPU
	EndGlobalSection
	GlobalSection(ProjectConfigurationPlatforms) = postSolution
		{288C20D7-54F0-4CA6-B3C5-56A308CD0C2D}.Debug|Any CPU.ActiveCfg = Debug|Any CPU
		{288C20D7-54F0-4CA6-B3C5-56A308CD0C2D}.Debug|Any CPU.Build.0 = Debug|Any CPU
		{288C20D7-54F0-4CA6-B3C5-56A308CD0C2D}.Release|Any CPU.ActiveCfg = Release|Any CPU
		{288C20D7-54F0-4CA6-B3C5-56A308CD0C2D}.Release|Any CPU.Build.0 = Release|Any CPU
	EndGlobalSection
	GlobalSection(SolutionProperties) = preSolution
		HideSolutionNode = FALSE
	EndGlobalSection
	GlobalSection(ExtensibilityGlobals) = postSolution
		SolutionGuid = {8FF01A48-0876-4BDE-BF4B-B6B61C1B9537}
	EndGlobalSection
EndGlobal
