
Microsoft Visual Studio Solution File, Format Version 12.00
# Visual Studio Version 17
VisualStudioVersion = 17.9.34723.18
MinimumVisualStudioVersion = 10.0.40219.1
Project("{FAE04EC0-301F-11D3-BF4B-00C04F79EFBC}") = "Char C#", "Char C#.csproj", "{9D0C3AD0-CA38-4F02-8D14-8CB1F3988511}"
EndProject
Global
	GlobalSection(SolutionConfigurationPlatforms) = preSolution
		Debug|Any CPU = Debug|Any CPU
		Release|Any CPU = Release|Any CPU
	EndGlobalSection
	GlobalSection(ProjectConfigurationPlatforms) = postSolution
		{9D0C3AD0-CA38-4F02-8D14-8CB1F3988511}.Debug|Any CPU.ActiveCfg = Debug|Any CPU
		{9D0C3AD0-CA38-4F02-8D14-8CB1F3988511}.Debug|Any CPU.Build.0 = Debug|Any CPU
		{9D0C3AD0-CA38-4F02-8D14-8CB1F3988511}.Release|Any CPU.ActiveCfg = Release|Any CPU
		{9D0C3AD0-CA38-4F02-8D14-8CB1F3988511}.Release|Any CPU.Build.0 = Release|Any CPU
	EndGlobalSection
	GlobalSection(SolutionProperties) = preSolution
		HideSolutionNode = FALSE
	EndGlobalSection
	GlobalSection(ExtensibilityGlobals) = postSolution
		SolutionGuid = {7E68CD0D-ADE0-4A87-80DA-89192E181621}
	EndGlobalSection
EndGlobal
