
Microsoft Visual Studio Solution File, Format Version 12.00
# Visual Studio Version 17
VisualStudioVersion = 17.9.34723.18
MinimumVisualStudioVersion = 10.0.40219.1
Project("{FAE04EC0-301F-11D3-BF4B-00C04F79EFBC}") = "Ôn Luyện Cơ Bản", "Ôn Luyện Cơ Bản.csproj", "{7C6989B5-8912-4D3A-A08D-3BAD811D319C}"
EndProject
Global
	GlobalSection(SolutionConfigurationPlatforms) = preSolution
		Debug|Any CPU = Debug|Any CPU
		Release|Any CPU = Release|Any CPU
	EndGlobalSection
	GlobalSection(ProjectConfigurationPlatforms) = postSolution
		{7C6989B5-8912-4D3A-A08D-3BAD811D319C}.Debug|Any CPU.ActiveCfg = Debug|Any CPU
		{7C6989B5-8912-4D3A-A08D-3BAD811D319C}.Debug|Any CPU.Build.0 = Debug|Any CPU
		{7C6989B5-8912-4D3A-A08D-3BAD811D319C}.Release|Any CPU.ActiveCfg = Release|Any CPU
		{7C6989B5-8912-4D3A-A08D-3BAD811D319C}.Release|Any CPU.Build.0 = Release|Any CPU
	EndGlobalSection
	GlobalSection(SolutionProperties) = preSolution
		HideSolutionNode = FALSE
	EndGlobalSection
	GlobalSection(ExtensibilityGlobals) = postSolution
		SolutionGuid = {47AAC73B-183B-4EA1-875D-AAA35A5F3629}
	EndGlobalSection
EndGlobal
