
Microsoft Visual Studio Solution File, Format Version 12.00
# Visual Studio Version 17
VisualStudioVersion = 17.9.34723.18
MinimumVisualStudioVersion = 10.0.40219.1
Project("{FAE04EC0-301F-11D3-BF4B-00C04F79EFBC}") = "BTVN9.1", "BTVN9.1.csproj", "{33800C08-E3CD-48CB-8CCA-7E6FA0F16D24}"
EndProject
Global
	GlobalSection(SolutionConfigurationPlatforms) = preSolution
		Debug|Any CPU = Debug|Any CPU
		Release|Any CPU = Release|Any CPU
	EndGlobalSection
	GlobalSection(ProjectConfigurationPlatforms) = postSolution
		{33800C08-E3CD-48CB-8CCA-7E6FA0F16D24}.Debug|Any CPU.ActiveCfg = Debug|Any CPU
		{33800C08-E3CD-48CB-8CCA-7E6FA0F16D24}.Debug|Any CPU.Build.0 = Debug|Any CPU
		{33800C08-E3CD-48CB-8CCA-7E6FA0F16D24}.Release|Any CPU.ActiveCfg = Release|Any CPU
		{33800C08-E3CD-48CB-8CCA-7E6FA0F16D24}.Release|Any CPU.Build.0 = Release|Any CPU
	EndGlobalSection
	GlobalSection(SolutionProperties) = preSolution
		HideSolutionNode = FALSE
	EndGlobalSection
	GlobalSection(ExtensibilityGlobals) = postSolution
		SolutionGuid = {D7343FB9-6802-4E0E-852A-F15226428304}
	EndGlobalSection
EndGlobal
