
Microsoft Visual Studio Solution File, Format Version 12.00
# Visual Studio Version 17
VisualStudioVersion = 17.9.34723.18
MinimumVisualStudioVersion = 10.0.40219.1
Project("{FAE04EC0-301F-11D3-BF4B-00C04F79EFBC}") = "Mảng 1 chiều", "Mảng 1 chiều.csproj", "{E4D71F87-703D-49F5-9391-AC835085ABE9}"
EndProject
Global
	GlobalSection(SolutionConfigurationPlatforms) = preSolution
		Debug|Any CPU = Debug|Any CPU
		Release|Any CPU = Release|Any CPU
	EndGlobalSection
	GlobalSection(ProjectConfigurationPlatforms) = postSolution
		{E4D71F87-703D-49F5-9391-AC835085ABE9}.Debug|Any CPU.ActiveCfg = Debug|Any CPU
		{E4D71F87-703D-49F5-9391-AC835085ABE9}.Debug|Any CPU.Build.0 = Debug|Any CPU
		{E4D71F87-703D-49F5-9391-AC835085ABE9}.Release|Any CPU.ActiveCfg = Release|Any CPU
		{E4D71F87-703D-49F5-9391-AC835085ABE9}.Release|Any CPU.Build.0 = Release|Any CPU
	EndGlobalSection
	GlobalSection(SolutionProperties) = preSolution
		HideSolutionNode = FALSE
	EndGlobalSection
	GlobalSection(ExtensibilityGlobals) = postSolution
		SolutionGuid = {3C7A1E00-8FB0-4244-8B25-83F3B2C638E8}
	EndGlobalSection
EndGlobal
