
Microsoft Visual Studio Solution File, Format Version 12.00
# Visual Studio Version 17
VisualStudioVersion = 17.9.34723.18
MinimumVisualStudioVersion = 10.0.40219.1
Project("{FAE04EC0-301F-11D3-BF4B-00C04F79EFBC}") = "BTVN5.1", "BTVN5.1.csproj", "{D3A2DEB2-2540-45F0-ADC1-8429EEE522EF}"
EndProject
Global
	GlobalSection(SolutionConfigurationPlatforms) = preSolution
		Debug|Any CPU = Debug|Any CPU
		Release|Any CPU = Release|Any CPU
	EndGlobalSection
	GlobalSection(ProjectConfigurationPlatforms) = postSolution
		{D3A2DEB2-2540-45F0-ADC1-8429EEE522EF}.Debug|Any CPU.ActiveCfg = Debug|Any CPU
		{D3A2DEB2-2540-45F0-ADC1-8429EEE522EF}.Debug|Any CPU.Build.0 = Debug|Any CPU
		{D3A2DEB2-2540-45F0-ADC1-8429EEE522EF}.Release|Any CPU.ActiveCfg = Release|Any CPU
		{D3A2DEB2-2540-45F0-ADC1-8429EEE522EF}.Release|Any CPU.Build.0 = Release|Any CPU
	EndGlobalSection
	GlobalSection(SolutionProperties) = preSolution
		HideSolutionNode = FALSE
	EndGlobalSection
	GlobalSection(ExtensibilityGlobals) = postSolution
		SolutionGuid = {8068F01B-42E4-4C7A-8493-4B9746781116}
	EndGlobalSection
EndGlobal
